{
  "name": "weinre-webpack-plugin",
  "version": "2.0.3",
  "lockfileVersion": 1,
  "requires": true,
  "dependencies": {
    "abbrev": {
      "version": "1.1.1",
      "resolved": "http://registry.npm.taobao.org/abbrev/download/abbrev-1.1.1.tgz",
      "integrity": "sha1-+PLIh60Qv2f2NPAFtph/7TF5qsg="
    },
    "accepts": {
      "version": "1.1.4",
      "resolved": "http://registry.npm.taobao.org/accepts/download/accepts-1.1.4.tgz",
      "integrity": "sha1-1xyW99QdD+2iw4zRToonwEFY30o=",
      "requires": {
        "mime-types": "2.0.14",
        "negotiator": "0.4.9"
      }
    },
    "any-promise": {
      "version": "1.3.0",
      "resolved": "http://registry.npm.taobao.org/any-promise/download/any-promise-1.3.0.tgz",
      "integrity": "sha1-q8av7tzqUugJzcA3au0845Y10X8="
    },
    "base64-url": {
      "version": "1.2.1",
      "resolved": "http://registry.npm.taobao.org/base64-url/download/base64-url-1.2.1.tgz",
      "integrity": "sha1-GZ/WYXAqDnt9yubgaYuwicUvbXg="
    },
    "basic-auth": {
      "version": "1.0.0",
      "resolved": "http://registry.npm.taobao.org/basic-auth/download/basic-auth-1.0.0.tgz",
      "integrity": "sha1-ERstn/jk5tE2uMhOpeCWy4c1Fjc="
    },
    "basic-auth-connect": {
      "version": "1.0.0",
      "resolved": "http://registry.npm.taobao.org/basic-auth-connect/download/basic-auth-connect-1.0.0.tgz",
      "integrity": "sha1-/bC0OWLKe0BFanwrtI/hc9otISI="
    },
    "batch": {
      "version": "0.5.1",
      "resolved": "http://registry.npm.taobao.org/batch/download/batch-0.5.1.tgz",
      "integrity": "sha1-NqS6tZTAUP17UHvKDbMMLZKvT/I="
    },
    "body-parser": {
      "version": "1.9.3",
      "resolved": "http://registry.npm.taobao.org/body-parser/download/body-parser-1.9.3.tgz",
      "integrity": "sha1-7frNT8+th9/nT4YaXMcSkArvJiM=",
      "requires": {
        "bytes": "1.0.0",
        "depd": "1.0.1",
        "iconv-lite": "0.4.5",
        "media-typer": "0.3.0",
        "on-finished": "2.1.1",
        "qs": "2.3.3",
        "raw-body": "1.3.1",
        "type-is": "1.5.7"
      },
      "dependencies": {
        "qs": {
          "version": "2.3.3",
          "resolved": "http://registry.npm.taobao.org/qs/download/qs-2.3.3.tgz",
          "integrity": "sha1-6eha2+ddoLvkyOBHaghikPhjtAQ="
        }
      }
    },
    "bytes": {
      "version": "1.0.0",
      "resolved": "http://registry.npm.taobao.org/bytes/download/bytes-1.0.0.tgz",
      "integrity": "sha1-NWnt6Lo0MV+rmcPpLLBMciDeH6g="
    },
    "commander": {
      "version": "1.3.2",
      "resolved": "http://registry.npm.taobao.org/commander/download/commander-1.3.2.tgz",
      "integrity": "sha1-io8w7GcKb91kr1LxkUuQfXnq1bU=",
      "requires": {
        "keypress": "0.1.0"
      }
    },
    "compressible": {
      "version": "2.0.13",
      "resolved": "http://registry.npm.taobao.org/compressible/download/compressible-2.0.13.tgz",
      "integrity": "sha1-DRAgq5JLL9tNYnmHXH1tq6a6p6k=",
      "requires": {
        "mime-db": "1.33.0"
      },
      "dependencies": {
        "mime-db": {
          "version": "1.33.0",
          "resolved": "http://registry.npm.taobao.org/mime-db/download/mime-db-1.33.0.tgz",
          "integrity": "sha1-o0kgUKXLm2NFBUHjnZeI0icng9s="
        }
      }
    },
    "compression": {
      "version": "1.2.2",
      "resolved": "http://registry.npm.taobao.org/compression/download/compression-1.2.2.tgz",
      "integrity": "sha1-Y3YEwl7WWcDVyfrBA4/C8tVJTb8=",
      "requires": {
        "accepts": "1.1.4",
        "bytes": "1.0.0",
        "compressible": "2.0.13",
        "debug": "2.1.3",
        "on-headers": "1.0.1",
        "vary": "1.0.1"
      }
    },
    "connect": {
      "version": "2.27.1",
      "resolved": "http://registry.npm.taobao.org/connect/download/connect-2.27.1.tgz",
      "integrity": "sha1-apIP2F5ORjzKP8x3RDsn0NUyQMY=",
      "requires": {
        "basic-auth-connect": "1.0.0",
        "body-parser": "1.9.3",
        "bytes": "1.0.0",
        "compression": "1.2.2",
        "connect-timeout": "1.4.0",
        "cookie": "0.1.2",
        "cookie-parser": "1.3.5",
        "cookie-signature": "1.0.5",
        "csurf": "1.6.6",
        "debug": "2.1.3",
        "depd": "1.0.1",
        "errorhandler": "1.2.4",
        "express-session": "1.9.3",
        "finalhandler": "0.3.2",
        "fresh": "0.2.4",
        "http-errors": "1.2.8",
        "media-typer": "0.3.0",
        "method-override": "2.3.10",
        "morgan": "1.4.1",
        "multiparty": "3.3.2",
        "on-headers": "1.0.1",
        "parseurl": "1.3.2",
        "pause": "0.0.1",
        "qs": "2.3.0",
        "response-time": "2.2.0",
        "serve-favicon": "2.1.7",
        "serve-index": "1.5.3",
        "serve-static": "1.7.2",
        "type-is": "1.5.7",
        "utils-merge": "1.0.0",
        "vhost": "3.0.2"
      }
    },
    "connect-timeout": {
      "version": "1.4.0",
      "resolved": "http://registry.npm.taobao.org/connect-timeout/download/connect-timeout-1.4.0.tgz",
      "integrity": "sha1-uAA+oVWr0Yu92KGckeUoTdwuRl4=",
      "requires": {
        "debug": "2.1.3",
        "http-errors": "1.2.8",
        "ms": "0.6.2",
        "on-headers": "1.0.1"
      },
      "dependencies": {
        "ms": {
          "version": "0.6.2",
          "resolved": "http://registry.npm.taobao.org/ms/download/ms-0.6.2.tgz",
          "integrity": "sha1-2JwhJMb9wTU9Zai3e/GqxLGTcIw="
        }
      }
    },
    "content-disposition": {
      "version": "0.5.0",
      "resolved": "http://registry.npm.taobao.org/content-disposition/download/content-disposition-0.5.0.tgz",
      "integrity": "sha1-QoT+auBjCHRjnkToCkGMKTQTXp4="
    },
    "cookie": {
      "version": "0.1.2",
      "resolved": "http://registry.npm.taobao.org/cookie/download/cookie-0.1.2.tgz",
      "integrity": "sha1-cv7D0k5Io0Mgc9kMEmQgBQYQBLE="
    },
    "cookie-parser": {
      "version": "1.3.5",
      "resolved": "http://registry.npm.taobao.org/cookie-parser/download/cookie-parser-1.3.5.tgz",
      "integrity": "sha1-nXVVcPtdF4kHcSJ6AjFNm+fPg1Y=",
      "requires": {
        "cookie": "0.1.3",
        "cookie-signature": "1.0.6"
      },
      "dependencies": {
        "cookie": {
          "version": "0.1.3",
          "resolved": "http://registry.npm.taobao.org/cookie/download/cookie-0.1.3.tgz",
          "integrity": "sha1-5zSlwUF/zkctWu+Cw4HKu2TRpDU="
        },
        "cookie-signature": {
          "version": "1.0.6",
          "resolved": "http://registry.npm.taobao.org/cookie-signature/download/cookie-signature-1.0.6.tgz",
          "integrity": "sha1-4wOogrNCzD7oylE6eZmXNNqzriw="
        }
      }
    },
    "cookie-signature": {
      "version": "1.0.5",
      "resolved": "http://registry.npm.taobao.org/cookie-signature/download/cookie-signature-1.0.5.tgz",
      "integrity": "sha1-oSLj8VA+yg9TVXlbBxG7I2jUUPk="
    },
    "core-util-is": {
      "version": "1.0.2",
      "resolved": "http://registry.npm.taobao.org/core-util-is/download/core-util-is-1.0.2.tgz",
      "integrity": "sha1-tf1UIgqivFq1eqtxQMlAdUUDwac="
    },
    "crc": {
      "version": "3.2.1",
      "resolved": "http://registry.npm.taobao.org/crc/download/crc-3.2.1.tgz",
      "integrity": "sha1-XZyPt3okXNXsopHl0tAFM0urAII="
    },
    "csrf": {
      "version": "2.0.7",
      "resolved": "http://registry.npm.taobao.org/csrf/download/csrf-2.0.7.tgz",
      "integrity": "sha1-0E9S4Paiin4s/h4B3V68JRs9QgE=",
      "requires": {
        "base64-url": "1.2.1",
        "rndm": "1.1.1",
        "scmp": "1.0.0",
        "uid-safe": "1.1.0"
      }
    },
    "csurf": {
      "version": "1.6.6",
      "resolved": "http://registry.npm.taobao.org/csurf/download/csurf-1.6.6.tgz",
      "integrity": "sha1-/EsaopP2Xah3McBJNQ0BslvaPs4=",
      "requires": {
        "cookie": "0.1.2",
        "cookie-signature": "1.0.5",
        "csrf": "2.0.7",
        "http-errors": "1.2.8"
      }
    },
    "debug": {
      "version": "2.1.3",
      "resolved": "http://registry.npm.taobao.org/debug/download/debug-2.1.3.tgz",
      "integrity": "sha1-zoqxte6PvuK/o7Yzyrk9NmtjQY4=",
      "requires": {
        "ms": "0.7.0"
      }
    },
    "depd": {
      "version": "1.0.1",
      "resolved": "http://registry.npm.taobao.org/depd/download/depd-1.0.1.tgz",
      "integrity": "sha1-gK7GTJ1tl+ZcwqnKqTwKpqv3Oqo="
    },
    "destroy": {
      "version": "1.0.3",
      "resolved": "http://registry.npm.taobao.org/destroy/download/destroy-1.0.3.tgz",
      "integrity": "sha1-tDO0ck5x/YVR2YhRdIUcX8N34sk="
    },
    "ee-first": {
      "version": "1.1.0",
      "resolved": "http://registry.npm.taobao.org/ee-first/download/ee-first-1.1.0.tgz",
      "integrity": "sha1-ag18YiHkkP7v2S7D9EHJzozQl/Q="
    },
    "errorhandler": {
      "version": "1.2.4",
      "resolved": "http://registry.npm.taobao.org/errorhandler/download/errorhandler-1.2.4.tgz",
      "integrity": "sha1-RyZjDWxsLBGnzVibc3b3M2Rz1qo=",
      "requires": {
        "accepts": "1.1.4",
        "escape-html": "1.0.1"
      }
    },
    "escape-html": {
      "version": "1.0.1",
      "resolved": "http://registry.npm.taobao.org/escape-html/download/escape-html-1.0.1.tgz",
      "integrity": "sha1-GBoobq05ejmpKFfPsdQwUuNWv/A="
    },
    "etag": {
      "version": "1.5.1",
      "resolved": "http://registry.npm.taobao.org/etag/download/etag-1.5.1.tgz",
      "integrity": "sha1-VMUN4E7kJpVWKSWsVmWIKRvn6eo=",
      "requires": {
        "crc": "3.2.1"
      }
    },
    "express": {
      "version": "3.18.1",
      "resolved": "http://registry.npm.taobao.org/express/download/express-3.18.1.tgz",
      "integrity": "sha1-C71iaau9tTSCFmsLWpoE4xG+mXc=",
      "requires": {
        "basic-auth": "1.0.0",
        "commander": "1.3.2",
        "connect": "2.27.1",
        "content-disposition": "0.5.0",
        "cookie": "0.1.2",
        "cookie-signature": "1.0.5",
        "debug": "2.1.3",
        "depd": "1.0.1",
        "escape-html": "1.0.1",
        "etag": "1.5.1",
        "fresh": "0.2.4",
        "media-typer": "0.3.0",
        "merge-descriptors": "0.0.2",
        "methods": "1.1.0",
        "mkdirp": "0.5.0",
        "parseurl": "1.3.2",
        "proxy-addr": "1.0.10",
        "range-parser": "1.0.3",
        "send": "0.10.1",
        "utils-merge": "1.0.0",
        "vary": "1.0.1"
      }
    },
    "express-session": {
      "version": "1.9.3",
      "resolved": "http://registry.npm.taobao.org/express-session/download/express-session-1.9.3.tgz",
      "integrity": "sha1-fS/Dh69v2Sh3UhO/6dY1pXBahM4=",
      "requires": {
        "cookie": "0.1.2",
        "cookie-signature": "1.0.5",
        "crc": "3.2.1",
        "debug": "2.1.3",
        "depd": "1.0.1",
        "on-headers": "1.0.1",
        "parseurl": "1.3.2",
        "uid-safe": "1.0.1",
        "utils-merge": "1.0.0"
      },
      "dependencies": {
        "uid-safe": {
          "version": "1.0.1",
          "resolved": "http://registry.npm.taobao.org/uid-safe/download/uid-safe-1.0.1.tgz",
          "integrity": "sha1-W9FIRgouhPVPGT/SA1LIw9feasg=",
          "requires": {
            "base64-url": "1.2.1",
            "mz": "1.3.0"
          }
        }
      }
    },
    "finalhandler": {
      "version": "0.3.2",
      "resolved": "http://registry.npm.taobao.org/finalhandler/download/finalhandler-0.3.2.tgz",
      "integrity": "sha1-ezibD9Nkem+QvVZOImJL+KSnf7U=",
      "requires": {
        "debug": "2.1.3",
        "escape-html": "1.0.1",
        "on-finished": "2.1.1"
      }
    },
    "forwarded": {
      "version": "0.1.2",
      "resolved": "http://registry.npm.taobao.org/forwarded/download/forwarded-0.1.2.tgz",
      "integrity": "sha1-mMI9qxF1ZXuMBXPozszZGw/xjIQ="
    },
    "fresh": {
      "version": "0.2.4",
      "resolved": "http://registry.npm.taobao.org/fresh/download/fresh-0.2.4.tgz",
      "integrity": "sha1-NYJJkgbJcjcUGQ7ddLRgT+tKYUw="
    },
    "http-errors": {
      "version": "1.2.8",
      "resolved": "http://registry.npm.taobao.org/http-errors/download/http-errors-1.2.8.tgz",
      "integrity": "sha1-juX+C1GYIiHXlsDEcS129yCXpNA=",
      "requires": {
        "inherits": "2.0.3",
        "statuses": "1.5.0"
      }
    },
    "iconv-lite": {
      "version": "0.4.5",
      "resolved": "http://registry.npm.taobao.org/iconv-lite/download/iconv-lite-0.4.5.tgz",
      "integrity": "sha1-nFdLcMMNYVhZ8gZNK+QzWtaxqNY="
    },
    "inherits": {
      "version": "2.0.3",
      "resolved": "http://registry.npm.taobao.org/inherits/download/inherits-2.0.3.tgz",
      "integrity": "sha1-Yzwsg+PaQqUC9SRmAiSA9CCCYd4="
    },
    "ipaddr.js": {
      "version": "1.0.5",
      "resolved": "http://registry.npm.taobao.org/ipaddr.js/download/ipaddr.js-1.0.5.tgz",
      "integrity": "sha1-X6eM8wG4JceKvDBC2BJyMEnqI8c="
    },
    "isarray": {
      "version": "0.0.1",
      "resolved": "http://registry.npm.taobao.org/isarray/download/isarray-0.0.1.tgz",
      "integrity": "sha1-ihis/Kmo9Bd+Cav8YDiTmwXR7t8="
    },
    "keypress": {
      "version": "0.1.0",
      "resolved": "http://registry.npm.taobao.org/keypress/download/keypress-0.1.0.tgz",
      "integrity": "sha1-SjGI1CkbZrT2XtuZ+AaqmuKTWSo="
    },
    "media-typer": {
      "version": "0.3.0",
      "resolved": "http://registry.npm.taobao.org/media-typer/download/media-typer-0.3.0.tgz",
      "integrity": "sha1-hxDXrwqmJvj/+hzgAWhUUmMlV0g="
    },
    "merge-descriptors": {
      "version": "0.0.2",
      "resolved": "http://registry.npm.taobao.org/merge-descriptors/download/merge-descriptors-0.0.2.tgz",
      "integrity": "sha1-w2pSp4FDdRPFcnXzndnTF1FKyMc="
    },
    "method-override": {
      "version": "2.3.10",
      "resolved": "http://registry.npm.taobao.org/method-override/download/method-override-2.3.10.tgz",
      "integrity": "sha1-49r41d7hDdLc59SuiNYrvud0drQ=",
      "requires": {
        "debug": "2.6.9",
        "methods": "1.1.2",
        "parseurl": "1.3.2",
        "vary": "1.1.2"
      },
      "dependencies": {
        "debug": {
          "version": "2.6.9",
          "resolved": "http://registry.npm.taobao.org/debug/download/debug-2.6.9.tgz",
          "integrity": "sha1-XRKFFd8TT/Mn6QpMk/Tgd6U2NB8=",
          "requires": {
            "ms": "2.0.0"
          }
        },
        "methods": {
          "version": "1.1.2",
          "resolved": "http://registry.npm.taobao.org/methods/download/methods-1.1.2.tgz",
          "integrity": "sha1-VSmk1nZUE07cxSZmVoNbD4Ua/O4="
        },
        "ms": {
          "version": "2.0.0",
          "resolved": "http://registry.npm.taobao.org/ms/download/ms-2.0.0.tgz",
          "integrity": "sha1-VgiurfwAvmwpAd9fmGF4jeDVl8g="
        },
        "vary": {
          "version": "1.1.2",
          "resolved": "http://registry.npm.taobao.org/vary/download/vary-1.1.2.tgz",
          "integrity": "sha1-IpnwLG3tMNSllhsLn3RSShj2NPw="
        }
      }
    },
    "methods": {
      "version": "1.1.0",
      "resolved": "http://registry.npm.taobao.org/methods/download/methods-1.1.0.tgz",
      "integrity": "sha1-XcpO4S31L/OwVhRZhqjwHLyGQ28="
    },
    "mime": {
      "version": "1.2.11",
      "resolved": "http://registry.npm.taobao.org/mime/download/mime-1.2.11.tgz",
      "integrity": "sha1-WCA+7Ybjpe8XrtK32evUfwpg3RA="
    },
    "mime-db": {
      "version": "1.12.0",
      "resolved": "http://registry.npm.taobao.org/mime-db/download/mime-db-1.12.0.tgz",
      "integrity": "sha1-PQxjGA9FjrENMlqqN9fFiuMS6dc="
    },
    "mime-types": {
      "version": "2.0.14",
      "resolved": "http://registry.npm.taobao.org/mime-types/download/mime-types-2.0.14.tgz",
      "integrity": "sha1-MQ4VnbI+B3+Lsit0jav6SVcUCqY=",
      "requires": {
        "mime-db": "1.12.0"
      }
    },
    "minimist": {
      "version": "0.0.8",
      "resolved": "http://registry.npm.taobao.org/minimist/download/minimist-0.0.8.tgz",
      "integrity": "sha1-hX/Kv8M5fSYluCKCYuhqp6ARsF0="
    },
    "mkdirp": {
      "version": "0.5.0",
      "resolved": "http://registry.npm.taobao.org/mkdirp/download/mkdirp-0.5.0.tgz",
      "integrity": "sha1-HXMHam35hs2TROFecfzAWkyavxI=",
      "requires": {
        "minimist": "0.0.8"
      }
    },
    "morgan": {
      "version": "1.4.1",
      "resolved": "http://registry.npm.taobao.org/morgan/download/morgan-1.4.1.tgz",
      "integrity": "sha1-zZYAw/p04v3yK6Dx0CbCDLlvJf4=",
      "requires": {
        "basic-auth": "1.0.0",
        "debug": "2.1.3",
        "depd": "1.0.1",
        "on-finished": "2.1.1"
      }
    },
    "ms": {
      "version": "0.7.0",
      "resolved": "http://registry.npm.taobao.org/ms/download/ms-0.7.0.tgz",
      "integrity": "sha1-hlvpTC5zl62KV9pqYzpuLzB5i4M="
    },
    "multiparty": {
      "version": "3.3.2",
      "resolved": "http://registry.npm.taobao.org/multiparty/download/multiparty-3.3.2.tgz",
      "integrity": "sha1-Nd5oBNwZZD5SSfPT473GyM4wHT8=",
      "requires": {
        "readable-stream": "1.1.14",
        "stream-counter": "0.2.0"
      }
    },
    "mz": {
      "version": "1.3.0",
      "resolved": "http://registry.npm.taobao.org/mz/download/mz-1.3.0.tgz",
      "integrity": "sha1-BvCT/dmVagbTfhsegTROJ0eMQvA=",
      "requires": {
        "native-or-bluebird": "1.1.2",
        "thenify": "3.3.0",
        "thenify-all": "1.6.0"
      }
    },
    "native-or-bluebird": {
      "version": "1.1.2",
      "resolved": "http://registry.npm.taobao.org/native-or-bluebird/download/native-or-bluebird-1.1.2.tgz",
      "integrity": "sha1-OSHhECMtHreQ89rGG7NwUxx9NW4="
    },
    "negotiator": {
      "version": "0.4.9",
      "resolved": "http://registry.npm.taobao.org/negotiator/download/negotiator-0.4.9.tgz",
      "integrity": "sha1-kuRrbbU8fkIe1koryU8IvnYw3z8="
    },
    "nopt": {
      "version": "3.0.6",
      "resolved": "http://registry.npm.taobao.org/nopt/download/nopt-3.0.6.tgz",
      "integrity": "sha1-xkZdvwirzU2zWTF/eaxopkayj/k=",
      "requires": {
        "abbrev": "1.1.1"
      }
    },
    "on-finished": {
      "version": "2.1.1",
      "resolved": "http://registry.npm.taobao.org/on-finished/download/on-finished-2.1.1.tgz",
      "integrity": "sha1-+CyhyeOk8yhrG5k4YQ5bhja9PLI=",
      "requires": {
        "ee-first": "1.1.0"
      }
    },
    "on-headers": {
      "version": "1.0.1",
      "resolved": "http://registry.npm.taobao.org/on-headers/download/on-headers-1.0.1.tgz",
      "integrity": "sha1-ko9dD0cNSTQmUepnlLCFfBAGk/c="
    },
    "parseurl": {
      "version": "1.3.2",
      "resolved": "http://registry.npm.taobao.org/parseurl/download/parseurl-1.3.2.tgz",
      "integrity": "sha1-/CidTtiZMRlGDBViUyYs3I3mW/M="
    },
    "pause": {
      "version": "0.0.1",
      "resolved": "http://registry.npm.taobao.org/pause/download/pause-0.0.1.tgz",
      "integrity": "sha1-HUCLP9t2kjuVQ9lvtMnf1TXZy10="
    },
    "proxy-addr": {
      "version": "1.0.10",
      "resolved": "http://registry.npm.taobao.org/proxy-addr/download/proxy-addr-1.0.10.tgz",
      "integrity": "sha1-DUCoL4Afw1VWfS7LZe/j8HfxIcU=",
      "requires": {
        "forwarded": "0.1.2",
        "ipaddr.js": "1.0.5"
      }
    },
    "qs": {
      "version": "2.3.0",
      "resolved": "http://registry.npm.taobao.org/qs/download/qs-2.3.0.tgz",
      "integrity": "sha1-6gyBYXdcu082c602VxtdWj8+cvs="
    },
    "range-parser": {
      "version": "1.0.3",
      "resolved": "http://registry.npm.taobao.org/range-parser/download/range-parser-1.0.3.tgz",
      "integrity": "sha1-aHKCNTXGkuLCoBA4Jq/YLC4P8XU="
    },
    "raw-body": {
      "version": "1.3.1",
      "resolved": "http://registry.npm.taobao.org/raw-body/download/raw-body-1.3.1.tgz",
      "integrity": "sha1-JqFJEFkIb9EhlCIy0WdYzSgX+BU=",
      "requires": {
        "bytes": "1.0.0",
        "iconv-lite": "0.4.5"
      }
    },
    "readable-stream": {
      "version": "1.1.14",
      "resolved": "http://registry.npm.taobao.org/readable-stream/download/readable-stream-1.1.14.tgz",
      "integrity": "sha1-fPTFTvZI44EwhMY23SB54WbAgdk=",
      "requires": {
        "core-util-is": "1.0.2",
        "inherits": "2.0.3",
        "isarray": "0.0.1",
        "string_decoder": "0.10.31"
      }
    },
    "response-time": {
      "version": "2.2.0",
      "resolved": "http://registry.npm.taobao.org/response-time/download/response-time-2.2.0.tgz",
      "integrity": "sha1-d6tGiMvwMOnF+C3B6sf+UibTyOs=",
      "requires": {
        "depd": "1.0.1",
        "on-headers": "1.0.1"
      }
    },
    "rndm": {
      "version": "1.1.1",
      "resolved": "http://registry.npm.taobao.org/rndm/download/rndm-1.1.1.tgz",
      "integrity": "sha1-7870N0Ah94tj3mImtZhRICadZPE="
    },
    "scmp": {
      "version": "1.0.0",
      "resolved": "http://registry.npm.taobao.org/scmp/download/scmp-1.0.0.tgz",
      "integrity": "sha1-oLJyw/xykvdxFWRvAGGLAmJRTgQ="
    },
    "send": {
      "version": "0.10.1",
      "resolved": "http://registry.npm.taobao.org/send/download/send-0.10.1.tgz",
      "integrity": "sha1-d0XFDscvEVEVmA6PsXmuwBkA4Io=",
      "requires": {
        "debug": "2.1.3",
        "depd": "1.0.1",
        "destroy": "1.0.3",
        "escape-html": "1.0.1",
        "etag": "1.5.1",
        "fresh": "0.2.4",
        "mime": "1.2.11",
        "ms": "0.6.2",
        "on-finished": "2.1.1",
        "range-parser": "1.0.3"
      },
      "dependencies": {
        "ms": {
          "version": "0.6.2",
          "resolved": "http://registry.npm.taobao.org/ms/download/ms-0.6.2.tgz",
          "integrity": "sha1-2JwhJMb9wTU9Zai3e/GqxLGTcIw="
        }
      }
    },
    "serve-favicon": {
      "version": "2.1.7",
      "resolved": "http://registry.npm.taobao.org/serve-favicon/download/serve-favicon-2.1.7.tgz",
      "integrity": "sha1-e5EcDqTA+aKtaG2qUiJ2b3vH23k=",
      "requires": {
        "etag": "1.5.1",
        "fresh": "0.2.4",
        "ms": "0.6.2"
      },
      "dependencies": {
        "ms": {
          "version": "0.6.2",
          "resolved": "http://registry.npm.taobao.org/ms/download/ms-0.6.2.tgz",
          "integrity": "sha1-2JwhJMb9wTU9Zai3e/GqxLGTcIw="
        }
      }
    },
    "serve-index": {
      "version": "1.5.3",
      "resolved": "http://registry.npm.taobao.org/serve-index/download/serve-index-1.5.3.tgz",
      "integrity": "sha1-QSy8gr9uK5e6MkcWbNH0JUBOdec=",
      "requires": {
        "accepts": "1.1.4",
        "batch": "0.5.1",
        "debug": "2.1.3",
        "http-errors": "1.2.8",
        "mime-types": "2.0.14",
        "parseurl": "1.3.2"
      }
    },
    "serve-static": {
      "version": "1.7.2",
      "resolved": "http://registry.npm.taobao.org/serve-static/download/serve-static-1.7.2.tgz",
      "integrity": "sha1-MWTOBtTmw0Wb3MnWAY+0+zXoSzk=",
      "requires": {
        "escape-html": "1.0.1",
        "parseurl": "1.3.2",
        "send": "0.10.1",
        "utils-merge": "1.0.0"
      }
    },
    "statuses": {
      "version": "1.5.0",
      "resolved": "http://registry.npm.taobao.org/statuses/download/statuses-1.5.0.tgz",
      "integrity": "sha1-Fhx9rBd2Wf2YEfQ3cfqZOBR4Yow="
    },
    "stream-counter": {
      "version": "0.2.0",
      "resolved": "http://registry.npm.taobao.org/stream-counter/download/stream-counter-0.2.0.tgz",
      "integrity": "sha1-3tJmVWMZyLDiIoErnPOyb6fZR94=",
      "requires": {
        "readable-stream": "1.1.14"
      }
    },
    "string_decoder": {
      "version": "0.10.31",
      "resolved": "http://registry.npm.taobao.org/string_decoder/download/string_decoder-0.10.31.tgz",
      "integrity": "sha1-YuIDvEF2bGwoyfyEMB2rHFMQ+pQ="
    },
    "thenify": {
      "version": "3.3.0",
      "resolved": "http://registry.npm.taobao.org/thenify/download/thenify-3.3.0.tgz",
      "integrity": "sha1-5p44obq+lpsBCCB5eLn2K4hgSDk=",
      "requires": {
        "any-promise": "1.3.0"
      }
    },
    "thenify-all": {
      "version": "1.6.0",
      "resolved": "http://registry.npm.taobao.org/thenify-all/download/thenify-all-1.6.0.tgz",
      "integrity": "sha1-GhkY1ALY/D+Y+/I02wvMjMEOlyY=",
      "requires": {
        "thenify": "3.3.0"
      }
    },
    "type-is": {
      "version": "1.5.7",
      "resolved": "http://registry.npm.taobao.org/type-is/download/type-is-1.5.7.tgz",
      "integrity": "sha1-uTaKWTzG730GReeLL0xky+zQXpA=",
      "requires": {
        "media-typer": "0.3.0",
        "mime-types": "2.0.14"
      }
    },
    "uid-safe": {
      "version": "1.1.0",
      "resolved": "http://registry.npm.taobao.org/uid-safe/download/uid-safe-1.1.0.tgz",
      "integrity": "sha1-WNbF2r+N+9jVKDSDmAbAP9YUMjI=",
      "requires": {
        "base64-url": "1.2.1",
        "native-or-bluebird": "1.1.2"
      }
    },
    "underscore": {
      "version": "1.7.0",
      "resolved": "http://registry.npm.taobao.org/underscore/download/underscore-1.7.0.tgz",
      "integrity": "sha1-a7rwh3UA02vjTsqlhODbn+8DUgk="
    },
    "utils-merge": {
      "version": "1.0.0",
      "resolved": "http://registry.npm.taobao.org/utils-merge/download/utils-merge-1.0.0.tgz",
      "integrity": "sha1-ApT7kiu5N1FTVBxPcJYjHyh8ivg="
    },
    "vary": {
      "version": "1.0.1",
      "resolved": "http://registry.npm.taobao.org/vary/download/vary-1.0.1.tgz",
      "integrity": "sha1-meSYFWaihhGN+yuBc1ffeZM3bRA="
    },
    "vhost": {
      "version": "3.0.2",
      "resolved": "http://registry.npm.taobao.org/vhost/download/vhost-3.0.2.tgz",
      "integrity": "sha1-L7HezUxGaqiLD5NBrzPcGv8keNU="
    }
  }
}
