# THIS IS AN AUTOGENERATED FILE. DO NOT EDIT THIS FILE DIRECTLY.
# yarn lockfile v1


abbrev@1:
  version "1.1.1"
  resolved "http://registry.npm.taobao.org/abbrev/download/abbrev-1.1.1.tgz#f8f2c887ad10bf67f634f005b6987fed3179aac8"

accepts@~1.1.3, accepts@~1.1.4:
  version "1.1.4"
  resolved "http://registry.npm.taobao.org/accepts/download/accepts-1.1.4.tgz#d71c96f7d41d0feda2c38cd14e8a27c04158df4a"
  dependencies:
    mime-types "~2.0.4"
    negotiator "0.4.9"

any-promise@^1.0.0:
  version "1.3.0"
  resolved "http://registry.npm.taobao.org/any-promise/download/any-promise-1.3.0.tgz#abc6afeedcea52e809cdc0376aed3ce39635d17f"

async@^1.5.2:
  version "1.5.2"
  resolved "http://registry.npm.taobao.org/async/download/async-1.5.2.tgz#ec6a61ae56480c0c3cb241c95618e20892f9672a"

base64-url@1:
  version "1.3.3"
  resolved "http://registry.npm.taobao.org/base64-url/download/base64-url-1.3.3.tgz#f8b6c537f09a4fc58c99cb86e0b0e9c61461a20f"

base64-url@1.2.1:
  version "1.2.1"
  resolved "http://registry.npm.taobao.org/base64-url/download/base64-url-1.2.1.tgz#199fd661702a0e7b7dcae6e0698bb089c52f6d78"

basic-auth-connect@1.0.0:
  version "1.0.0"
  resolved "http://registry.npm.taobao.org/basic-auth-connect/download/basic-auth-connect-1.0.0.tgz#fdb0b43962ca7b40456a7c2bb48fe173da2d2122"

basic-auth@1.0.0:
  version "1.0.0"
  resolved "http://registry.npm.taobao.org/basic-auth/download/basic-auth-1.0.0.tgz#111b2d9ff8e4e6d136b8c84ea5e096cb87351637"

batch@0.5.1:
  version "0.5.1"
  resolved "http://registry.npm.taobao.org/batch/download/batch-0.5.1.tgz#36a4bab594c050fd7b507bca0db30c2d92af4ff2"

body-parser@~1.9.1:
  version "1.9.3"
  resolved "http://registry.npm.taobao.org/body-parser/download/body-parser-1.9.3.tgz#edfacd4fcfad87dfe74f861a5cc712900aef2623"
  dependencies:
    bytes "1.0.0"
    depd "~1.0.0"
    iconv-lite "0.4.5"
    media-typer "0.3.0"
    on-finished "~2.1.1"
    qs "2.3.3"
    raw-body "1.3.1"
    type-is "~1.5.3"

bytes@1, bytes@1.0.0:
  version "1.0.0"
  resolved "http://registry.npm.taobao.org/bytes/download/bytes-1.0.0.tgz#3569ede8ba34315fab99c3e92cb04c7220de1fa8"

commander@1.3.2:
  version "1.3.2"
  resolved "http://registry.npm.taobao.org/commander/download/commander-1.3.2.tgz#8a8f30ec670a6fdd64af52f1914b907d79ead5b5"
  dependencies:
    keypress "0.1.x"

compressible@~2.0.1:
  version "2.0.12"
  resolved "http://registry.npm.taobao.org/compressible/download/compressible-2.0.12.tgz#c59a5c99db76767e9876500e271ef63b3493bd66"
  dependencies:
    mime-db ">= 1.30.0 < 2"

compression@~1.2.0:
  version "1.2.2"
  resolved "http://registry.npm.taobao.org/compression/download/compression-1.2.2.tgz#637604c25ed659c0d5c9fac1038fc2f2d5494dbf"
  dependencies:
    accepts "~1.1.4"
    bytes "1.0.0"
    compressible "~2.0.1"
    debug "~2.1.0"
    on-headers "~1.0.0"
    vary "~1.0.0"

connect-timeout@~1.4.0:
  version "1.4.0"
  resolved "http://registry.npm.taobao.org/connect-timeout/download/connect-timeout-1.4.0.tgz#b8003ea155abd18bbdd8a19c91e5284ddc2e465e"
  dependencies:
    debug "~2.1.0"
    http-errors "~1.2.7"
    ms "0.6.2"
    on-headers "~1.0.0"

connect@2.27.1:
  version "2.27.1"
  resolved "http://registry.npm.taobao.org/connect/download/connect-2.27.1.tgz#6a920fd85e4e463cca3fcc77443b27d0d53240c6"
  dependencies:
    basic-auth-connect "1.0.0"
    body-parser "~1.9.1"
    bytes "1.0.0"
    compression "~1.2.0"
    connect-timeout "~1.4.0"
    cookie "0.1.2"
    cookie-parser "~1.3.3"
    cookie-signature "1.0.5"
    csurf "~1.6.2"
    debug "~2.1.0"
    depd "~1.0.0"
    errorhandler "~1.2.2"
    express-session "~1.9.1"
    finalhandler "0.3.2"
    fresh "0.2.4"
    http-errors "~1.2.7"
    media-typer "0.3.0"
    method-override "~2.3.0"
    morgan "~1.4.1"
    multiparty "3.3.2"
    on-headers "~1.0.0"
    parseurl "~1.3.0"
    pause "0.0.1"
    qs "2.3.0"
    response-time "~2.2.0"
    serve-favicon "~2.1.6"
    serve-index "~1.5.0"
    serve-static "~1.7.1"
    type-is "~1.5.2"
    utils-merge "1.0.0"
    vhost "~3.0.0"

content-disposition@0.5.0:
  version "0.5.0"
  resolved "http://registry.npm.taobao.org/content-disposition/download/content-disposition-0.5.0.tgz#4284fe6ae0630874639e44e80a418c2934135e9e"

cookie-parser@~1.3.3:
  version "1.3.5"
  resolved "http://registry.npm.taobao.org/cookie-parser/download/cookie-parser-1.3.5.tgz#9d755570fb5d17890771227a02314d9be7cf8356"
  dependencies:
    cookie "0.1.3"
    cookie-signature "1.0.6"

cookie-signature@1.0.5:
  version "1.0.5"
  resolved "http://registry.npm.taobao.org/cookie-signature/download/cookie-signature-1.0.5.tgz#a122e3f1503eca0f5355795b0711bb2368d450f9"

cookie-signature@1.0.6:
  version "1.0.6"
  resolved "http://registry.npm.taobao.org/cookie-signature/download/cookie-signature-1.0.6.tgz#e303a882b342cc3ee8ca513a79999734dab3ae2c"

cookie@0.1.2:
  version "0.1.2"
  resolved "http://registry.npm.taobao.org/cookie/download/cookie-0.1.2.tgz#72fec3d24e48a3432073d90c12642005061004b1"

cookie@0.1.3:
  version "0.1.3"
  resolved "http://registry.npm.taobao.org/cookie/download/cookie-0.1.3.tgz#e734a5c1417fce472d5aef82c381cabb64d1a435"

core-util-is@~1.0.0:
  version "1.0.2"
  resolved "http://registry.npm.taobao.org/core-util-is/download/core-util-is-1.0.2.tgz#b5fd54220aa2bc5ab57aab7140c940754503c1a7"

crc@3.2.1:
  version "3.2.1"
  resolved "http://registry.npm.taobao.org/crc/download/crc-3.2.1.tgz#5d9c8fb77a245cd5eca291e5d2d005334bab0082"

csrf@~2.0.5:
  version "2.0.7"
  resolved "http://registry.npm.taobao.org/csrf/download/csrf-2.0.7.tgz#d04f52e0f6a28a7e2cfe1e01dd5ebc251b3d4201"
  dependencies:
    base64-url "1.2.1"
    rndm "~1.1.0"
    scmp "1.0.0"
    uid-safe "~1.1.0"

csurf@~1.6.2:
  version "1.6.6"
  resolved "http://registry.npm.taobao.org/csurf/download/csurf-1.6.6.tgz#fc4b1aa293f65da87731c049350d01b25bda3ece"
  dependencies:
    cookie "0.1.2"
    cookie-signature "1.0.5"
    csrf "~2.0.5"
    http-errors "~1.2.8"

debug@2.6.9, debug@^2.2.0:
  version "2.6.9"
  resolved "http://registry.npm.taobao.org/debug/download/debug-2.6.9.tgz#5d128515df134ff327e90a4c93f4e077a536341f"
  dependencies:
    ms "2.0.0"

debug@~2.1.0:
  version "2.1.3"
  resolved "http://registry.npm.taobao.org/debug/download/debug-2.1.3.tgz#ce8ab1b5ee8fbee2bfa3b633cab93d366b63418e"
  dependencies:
    ms "0.7.0"

depd@~1.0.0:
  version "1.0.1"
  resolved "http://registry.npm.taobao.org/depd/download/depd-1.0.1.tgz#80aec64c9d6d97e65cc2a9caa93c0aa6abf73aaa"

destroy@1.0.3:
  version "1.0.3"
  resolved "http://registry.npm.taobao.org/destroy/download/destroy-1.0.3.tgz#b433b4724e71fd8551d9885174851c5fc377e2c9"

ee-first@1.1.0:
  version "1.1.0"
  resolved "http://registry.npm.taobao.org/ee-first/download/ee-first-1.1.0.tgz#6a0d7c6221e490feefd92ec3f441c9ce8cd097f4"

errorhandler@~1.2.2:
  version "1.2.4"
  resolved "http://registry.npm.taobao.org/errorhandler/download/errorhandler-1.2.4.tgz#4726630d6c6c2c11a7cd589b7376f7336473d6aa"
  dependencies:
    accepts "~1.1.3"
    escape-html "1.0.1"

escape-html@1.0.1:
  version "1.0.1"
  resolved "http://registry.npm.taobao.org/escape-html/download/escape-html-1.0.1.tgz#181a286ead397a39a92857cfb1d43052e356bff0"

etag@~1.5.0:
  version "1.5.1"
  resolved "http://registry.npm.taobao.org/etag/download/etag-1.5.1.tgz#54c50de04ee42695562925ac566588291be7e9ea"
  dependencies:
    crc "3.2.1"

express-session@~1.9.1:
  version "1.9.3"
  resolved "http://registry.npm.taobao.org/express-session/download/express-session-1.9.3.tgz#7d2fc387af6fd928775213bfe9d635a5705a84ce"
  dependencies:
    cookie "0.1.2"
    cookie-signature "1.0.5"
    crc "3.2.1"
    debug "~2.1.0"
    depd "~1.0.0"
    on-headers "~1.0.0"
    parseurl "~1.3.0"
    uid-safe "1.0.1"
    utils-merge "1.0.0"

express@3.18.1:
  version "3.18.1"
  resolved "http://registry.npm.taobao.org/express/download/express-3.18.1.tgz#0bbd6269abbdb53482166b0b5a9a04e311be9977"
  dependencies:
    basic-auth "1.0.0"
    commander "1.3.2"
    connect "2.27.1"
    content-disposition "0.5.0"
    cookie "0.1.2"
    cookie-signature "1.0.5"
    debug "~2.1.0"
    depd "~1.0.0"
    escape-html "1.0.1"
    etag "~1.5.0"
    fresh "0.2.4"
    media-typer "0.3.0"
    merge-descriptors "0.0.2"
    methods "1.1.0"
    mkdirp "0.5.0"
    parseurl "~1.3.0"
    proxy-addr "~1.0.3"
    range-parser "~1.0.2"
    send "0.10.1"
    utils-merge "1.0.0"
    vary "~1.0.0"

finalhandler@0.3.2:
  version "0.3.2"
  resolved "http://registry.npm.taobao.org/finalhandler/download/finalhandler-0.3.2.tgz#7b389b0fd3647a6f90bd564e22624bf8a4a77fb5"
  dependencies:
    debug "~2.1.0"
    escape-html "1.0.1"
    on-finished "~2.1.1"

forwarded@~0.1.0:
  version "0.1.2"
  resolved "http://registry.npm.taobao.org/forwarded/download/forwarded-0.1.2.tgz#98c23dab1175657b8c0573e8ceccd91b0ff18c84"

fresh@0.2.4:
  version "0.2.4"
  resolved "http://registry.npm.taobao.org/fresh/download/fresh-0.2.4.tgz#3582499206c9723714190edd74b4604feb4a614c"

http-errors@~1.2.7, http-errors@~1.2.8:
  version "1.2.8"
  resolved "http://registry.npm.taobao.org/http-errors/download/http-errors-1.2.8.tgz#8ee5fe0b51982221d796c0c4712d76f72097a4d0"
  dependencies:
    inherits "~2.0.1"
    statuses "1"

iconv-lite@0.4.5:
  version "0.4.5"
  resolved "http://registry.npm.taobao.org/iconv-lite/download/iconv-lite-0.4.5.tgz#9c574b70c30d615859f2064d2be4335ad6b1a8d6"

inherits@~2.0.1:
  version "2.0.3"
  resolved "http://registry.npm.taobao.org/inherits/download/inherits-2.0.3.tgz#633c2c83e3da42a502f52466022480f4208261de"

ipaddr.js@1.0.5:
  version "1.0.5"
  resolved "http://registry.npm.taobao.org/ipaddr.js/download/ipaddr.js-1.0.5.tgz#5fa78cf301b825c78abc3042d812723049ea23c7"

isarray@0.0.1:
  version "0.0.1"
  resolved "http://registry.npm.taobao.org/isarray/download/isarray-0.0.1.tgz#8a18acfca9a8f4177e09abfc6038939b05d1eedf"

keypress@0.1.x:
  version "0.1.0"
  resolved "http://registry.npm.taobao.org/keypress/download/keypress-0.1.0.tgz#4a3188d4291b66b4f65edb99f806aa9ae293592a"

media-typer@0.3.0:
  version "0.3.0"
  resolved "http://registry.npm.taobao.org/media-typer/download/media-typer-0.3.0.tgz#8710d7af0aa626f8fffa1ce00168545263255748"

merge-descriptors@0.0.2:
  version "0.0.2"
  resolved "http://registry.npm.taobao.org/merge-descriptors/download/merge-descriptors-0.0.2.tgz#c36a52a781437513c57275f39dd9d317514ac8c7"

method-override@~2.3.0:
  version "2.3.10"
  resolved "http://registry.npm.taobao.org/method-override/download/method-override-2.3.10.tgz#e3daf8d5dee10dd2dce7d4ae88d62bbee77476b4"
  dependencies:
    debug "2.6.9"
    methods "~1.1.2"
    parseurl "~1.3.2"
    vary "~1.1.2"

methods@1.1.0:
  version "1.1.0"
  resolved "http://registry.npm.taobao.org/methods/download/methods-1.1.0.tgz#5dca4ee12df52ff3b056145986a8f01cbc86436f"

methods@~1.1.2:
  version "1.1.2"
  resolved "http://registry.npm.taobao.org/methods/download/methods-1.1.2.tgz#5529a4d67654134edcc5266656835b0f851afcee"

"mime-db@>= 1.30.0 < 2":
  version "1.32.0"
  resolved "http://registry.npm.taobao.org/mime-db/download/mime-db-1.32.0.tgz#485b3848b01a3cda5f968b4882c0771e58e09414"

mime-db@~1.12.0:
  version "1.12.0"
  resolved "http://registry.npm.taobao.org/mime-db/download/mime-db-1.12.0.tgz#3d0c63180f458eb10d325aaa37d7c58ae312e9d7"

mime-types@~2.0.4, mime-types@~2.0.9:
  version "2.0.14"
  resolved "http://registry.npm.taobao.org/mime-types/download/mime-types-2.0.14.tgz#310e159db23e077f8bb22b748dabfa4957140aa6"
  dependencies:
    mime-db "~1.12.0"

mime@1.2.11:
  version "1.2.11"
  resolved "http://registry.npm.taobao.org/mime/download/mime-1.2.11.tgz#58203eed86e3a5ef17aed2b7d9ebd47f0a60dd10"

minimist@0.0.8:
  version "0.0.8"
  resolved "http://registry.npm.taobao.org/minimist/download/minimist-0.0.8.tgz#857fcabfc3397d2625b8228262e86aa7a011b05d"

mkdirp@0.5.0:
  version "0.5.0"
  resolved "http://registry.npm.taobao.org/mkdirp/download/mkdirp-0.5.0.tgz#1d73076a6df986cd9344e15e71fcc05a4c9abf12"
  dependencies:
    minimist "0.0.8"

mkdirp@0.5.x:
  version "0.5.1"
  resolved "http://registry.npm.taobao.org/mkdirp/download/mkdirp-0.5.1.tgz#30057438eac6cf7f8c4767f38648d6697d75c903"
  dependencies:
    minimist "0.0.8"

morgan@~1.4.1:
  version "1.4.1"
  resolved "http://registry.npm.taobao.org/morgan/download/morgan-1.4.1.tgz#cd9600c3fa74e2fdf22ba0f1d026c20cb96f25fe"
  dependencies:
    basic-auth "1.0.0"
    debug "~2.1.0"
    depd "~1.0.0"
    on-finished "2.1.1"

ms@0.6.2:
  version "0.6.2"
  resolved "http://registry.npm.taobao.org/ms/download/ms-0.6.2.tgz#d89c2124c6fdc1353d65a8b77bf1aac4b193708c"

ms@0.7.0:
  version "0.7.0"
  resolved "http://registry.npm.taobao.org/ms/download/ms-0.7.0.tgz#865be94c2e7397ad8a57da6a633a6e2f30798b83"

ms@2.0.0:
  version "2.0.0"
  resolved "http://registry.npm.taobao.org/ms/download/ms-2.0.0.tgz#5608aeadfc00be6c2901df5f9861788de0d597c8"

multiparty@3.3.2:
  version "3.3.2"
  resolved "http://registry.npm.taobao.org/multiparty/download/multiparty-3.3.2.tgz#35de6804dc19643e5249f3d3e3bdc6c8ce301d3f"
  dependencies:
    readable-stream "~1.1.9"
    stream-counter "~0.2.0"

mz@1:
  version "1.3.0"
  resolved "http://registry.npm.taobao.org/mz/download/mz-1.3.0.tgz#06f093fdd9956a06d37e1b1e81344e27478c42f0"
  dependencies:
    native-or-bluebird "1"
    thenify "3"
    thenify-all "1"

native-or-bluebird@1:
  version "1.2.0"
  resolved "http://registry.npm.taobao.org/native-or-bluebird/download/native-or-bluebird-1.2.0.tgz#39c47bfd7825d1fb9ffad32210ae25daadf101c9"

native-or-bluebird@~1.1.2:
  version "1.1.2"
  resolved "http://registry.npm.taobao.org/native-or-bluebird/download/native-or-bluebird-1.1.2.tgz#3921e110232d1eb790f3dac61bb370531c7d356e"

negotiator@0.4.9:
  version "0.4.9"
  resolved "http://registry.npm.taobao.org/negotiator/download/negotiator-0.4.9.tgz#92e46b6db53c7e421ed64a2bc94f08be7630df3f"

nopt@3.0.x:
  version "3.0.6"
  resolved "http://registry.npm.taobao.org/nopt/download/nopt-3.0.6.tgz#c6465dbf08abcd4db359317f79ac68a646b28ff9"
  dependencies:
    abbrev "1"

on-finished@2.1.1, on-finished@~2.1.1:
  version "2.1.1"
  resolved "http://registry.npm.taobao.org/on-finished/download/on-finished-2.1.1.tgz#f82ca1c9e3a4f3286b1b9938610e5b8636bd3cb2"
  dependencies:
    ee-first "1.1.0"

on-headers@~1.0.0:
  version "1.0.1"
  resolved "http://registry.npm.taobao.org/on-headers/download/on-headers-1.0.1.tgz#928f5d0f470d49342651ea6794b0857c100693f7"

parseurl@~1.3.0, parseurl@~1.3.2:
  version "1.3.2"
  resolved "http://registry.npm.taobao.org/parseurl/download/parseurl-1.3.2.tgz#fc289d4ed8993119460c156253262cdc8de65bf3"

pause@0.0.1:
  version "0.0.1"
  resolved "http://registry.npm.taobao.org/pause/download/pause-0.0.1.tgz#1d408b3fdb76923b9543d96fb4c9dfd535d9cb5d"

portfinder@^1.0.17:
  version "1.0.17"
  resolved "http://registry.npm.taobao.org/portfinder/download/portfinder-1.0.17.tgz#a8a1691143e46c4735edefcf4fbcccedad26456a"
  dependencies:
    async "^1.5.2"
    debug "^2.2.0"
    mkdirp "0.5.x"

proxy-addr@~1.0.3:
  version "1.0.10"
  resolved "http://registry.npm.taobao.org/proxy-addr/download/proxy-addr-1.0.10.tgz#0d40a82f801fc355567d2ecb65efe3f077f121c5"
  dependencies:
    forwarded "~0.1.0"
    ipaddr.js "1.0.5"

qs@2.3.0:
  version "2.3.0"
  resolved "http://registry.npm.taobao.org/qs/download/qs-2.3.0.tgz#ea0c8161775cbb4f3673ad36571b5d5a3f3e72fb"

qs@2.3.3:
  version "2.3.3"
  resolved "http://registry.npm.taobao.org/qs/download/qs-2.3.3.tgz#e9e85adbe75da0bbe4c8e0476a086290f863b404"

range-parser@~1.0.2:
  version "1.0.3"
  resolved "http://registry.npm.taobao.org/range-parser/download/range-parser-1.0.3.tgz#6872823535c692e2c2a0103826afd82c2e0ff175"

raw-body@1.3.1:
  version "1.3.1"
  resolved "http://registry.npm.taobao.org/raw-body/download/raw-body-1.3.1.tgz#26a1491059086fd121942232d16758cd2817f815"
  dependencies:
    bytes "1"
    iconv-lite "0.4.5"

readable-stream@~1.1.8, readable-stream@~1.1.9:
  version "1.1.14"
  resolved "http://registry.npm.taobao.org/readable-stream/download/readable-stream-1.1.14.tgz#7cf4c54ef648e3813084c636dd2079e166c081d9"
  dependencies:
    core-util-is "~1.0.0"
    inherits "~2.0.1"
    isarray "0.0.1"
    string_decoder "~0.10.x"

response-time@~2.2.0:
  version "2.2.0"
  resolved "http://registry.npm.taobao.org/response-time/download/response-time-2.2.0.tgz#77ab4688cbf030e9c5f82dc1eac7fe5226d3c8eb"
  dependencies:
    depd "~1.0.0"
    on-headers "~1.0.0"

rndm@~1.1.0:
  version "1.1.1"
  resolved "http://registry.npm.taobao.org/rndm/download/rndm-1.1.1.tgz#efcef4374021f78b63de6226b5985120269d64f1"

scmp@1.0.0:
  version "1.0.0"
  resolved "http://registry.npm.taobao.org/scmp/download/scmp-1.0.0.tgz#a0b272c3fc7292f77115646f00618b0262514e04"

send@0.10.1:
  version "0.10.1"
  resolved "http://registry.npm.taobao.org/send/download/send-0.10.1.tgz#7745c50ec72f115115980e8fb179aec01900e08a"
  dependencies:
    debug "~2.1.0"
    depd "~1.0.0"
    destroy "1.0.3"
    escape-html "1.0.1"
    etag "~1.5.0"
    fresh "0.2.4"
    mime "1.2.11"
    ms "0.6.2"
    on-finished "~2.1.1"
    range-parser "~1.0.2"

serve-favicon@~2.1.6:
  version "2.1.7"
  resolved "http://registry.npm.taobao.org/serve-favicon/download/serve-favicon-2.1.7.tgz#7b911c0ea4c0f9a2ad686daa5222766f7bc7db79"
  dependencies:
    etag "~1.5.0"
    fresh "0.2.4"
    ms "0.6.2"

serve-index@~1.5.0:
  version "1.5.3"
  resolved "http://registry.npm.taobao.org/serve-index/download/serve-index-1.5.3.tgz#412cbc82bf6e2b97ba3247166cd1f425404e75e7"
  dependencies:
    accepts "~1.1.4"
    batch "0.5.1"
    debug "~2.1.0"
    http-errors "~1.2.8"
    mime-types "~2.0.4"
    parseurl "~1.3.0"

serve-static@~1.7.1:
  version "1.7.2"
  resolved "http://registry.npm.taobao.org/serve-static/download/serve-static-1.7.2.tgz#3164ce06d4e6c3459bdcc9d6018fb4fb35e84b39"
  dependencies:
    escape-html "1.0.1"
    parseurl "~1.3.0"
    send "0.10.1"
    utils-merge "1.0.0"

statuses@1:
  version "1.4.0"
  resolved "http://registry.npm.taobao.org/statuses/download/statuses-1.4.0.tgz#bb73d446da2796106efcc1b601a253d6c46bd087"

stream-counter@~0.2.0:
  version "0.2.0"
  resolved "http://registry.npm.taobao.org/stream-counter/download/stream-counter-0.2.0.tgz#ded266556319c8b0e222812b9cf3b26fa7d947de"
  dependencies:
    readable-stream "~1.1.8"

string_decoder@~0.10.x:
  version "0.10.31"
  resolved "http://registry.npm.taobao.org/string_decoder/download/string_decoder-0.10.31.tgz#62e203bc41766c6c28c9fc84301dab1c5310fa94"

thenify-all@1:
  version "1.6.0"
  resolved "http://registry.npm.taobao.org/thenify-all/download/thenify-all-1.6.0.tgz#1a1918d402d8fc3f98fbf234db0bcc8cc10e9726"
  dependencies:
    thenify ">= 3.1.0 < 4"

thenify@3, "thenify@>= 3.1.0 < 4":
  version "3.3.0"
  resolved "http://registry.npm.taobao.org/thenify/download/thenify-3.3.0.tgz#e69e38a1babe969b0108207978b9f62b88604839"
  dependencies:
    any-promise "^1.0.0"

type-is@~1.5.2, type-is@~1.5.3:
  version "1.5.7"
  resolved "http://registry.npm.taobao.org/type-is/download/type-is-1.5.7.tgz#b9368a593cc6ef7d0645e78b2f4c64cbecd05e90"
  dependencies:
    media-typer "0.3.0"
    mime-types "~2.0.9"

uid-safe@1.0.1:
  version "1.0.1"
  resolved "http://registry.npm.taobao.org/uid-safe/download/uid-safe-1.0.1.tgz#5bd148460a2e84f54f193fd20352c8c3d7de6ac8"
  dependencies:
    base64-url "1"
    mz "1"

uid-safe@~1.1.0:
  version "1.1.0"
  resolved "http://registry.npm.taobao.org/uid-safe/download/uid-safe-1.1.0.tgz#58d6c5dabf8dfbd8d52834839806c03fd6143232"
  dependencies:
    base64-url "1.2.1"
    native-or-bluebird "~1.1.2"

underscore@1.7.x:
  version "1.7.0"
  resolved "http://registry.npm.taobao.org/underscore/download/underscore-1.7.0.tgz#6bbaf0877500d36be34ecaa584e0db9fef035209"

utils-merge@1.0.0:
  version "1.0.0"
  resolved "http://registry.npm.taobao.org/utils-merge/download/utils-merge-1.0.0.tgz#0294fb922bb9375153541c4f7096231f287c8af8"

vary@~1.0.0:
  version "1.0.1"
  resolved "http://registry.npm.taobao.org/vary/download/vary-1.0.1.tgz#99e4981566a286118dfb2b817357df7993376d10"

vary@~1.1.2:
  version "1.1.2"
  resolved "http://registry.npm.taobao.org/vary/download/vary-1.1.2.tgz#2299f02c6ded30d4a5961b0b9f74524a18f634fc"

vhost@~3.0.0:
  version "3.0.2"
  resolved "http://registry.npm.taobao.org/vhost/download/vhost-3.0.2.tgz#2fb1decd4c466aa88b0f9341af33dc1aff2478d5"
